
Microsoft Visual Studio Solution File, Format Version 11.00
# Visual C++ Express 2010
Project("{8BC9CEB8-8B4A-11D0-8D11-00A0C91BC942}") = "ps4000wrap", "ps4000wrap.vcxproj", "{96A4E0E6-5F0D-497D-8A25-5BE5037372FD}"
EndProject
Global
	GlobalSection(SolutionConfigurationPlatforms) = preSolution
		Debug|Win32 = Debug|Win32
		Debug|x64 = Debug|x64
		Release|Win32 = Release|Win32
		Release|x64 = Release|x64
	EndGlobalSection
	GlobalSection(ProjectConfigurationPlatforms) = postSolution
		{96A4E0E6-5F0D-497D-8A25-5BE5037372FD}.Debug|Win32.ActiveCfg = Debug|Win32
		{96A4E0E6-5F0D-497D-8A25-5BE5037372FD}.Debug|Win32.Build.0 = Debug|Win32
		{96A4E0E6-5F0D-497D-8A25-5BE5037372FD}.Debug|x64.ActiveCfg = Debug|x64
		{96A4E0E6-5F0D-497D-8A25-5BE5037372FD}.Debug|x64.Build.0 = Debug|x64
		{96A4E0E6-5F0D-497D-8A25-5BE5037372FD}.Release|Win32.ActiveCfg = Release|Win32
		{96A4E0E6-5F0D-497D-8A25-5BE5037372FD}.Release|Win32.Build.0 = Release|Win32
		{96A4E0E6-5F0D-497D-8A25-5BE5037372FD}.Release|x64.ActiveCfg = Release|x64
		{96A4E0E6-5F0D-497D-8A25-5BE5037372FD}.Release|x64.Build.0 = Release|x64
	EndGlobalSection
	GlobalSection(SolutionProperties) = preSolution
		HideSolutionNode = FALSE
	EndGlobalSection
EndGlobal
